
Microsoft Visual Studio Solution File, Format Version 12.00
# Visual Studio 15
VisualStudioVersion = 15.0.28307.136
MinimumVisualStudioVersion = 10.0.40219.1
Project("{8BC9CEB8-8B4A-11D0-8D11-00A0C91BC942}") = "Engine", "Engine\Engine.vcxproj", "{1717FD91-8086-49B7-B71C-4954DBE9D595}"
EndProject
Project("{8BC9CEB8-8B4A-11D0-8D11-00A0C91BC942}") = "EXE", "EXE\EXE.vcxproj", "{D39300B0-B6E8-4919-ADA8-6775DC69E979}"
	ProjectSection(ProjectDependencies) = postProject
		{1717FD91-8086-49B7-B71C-4954DBE9D595} = {1717FD91-8086-49B7-B71C-4954DBE9D595}
	EndProjectSection
EndProject
Global
	GlobalSection(SolutionConfigurationPlatforms) = preSolution
		Debug|x64 = Debug|x64
		Debug|x86 = Debug|x86
		Release|x64 = Release|x64
		Release|x86 = Release|x86
	EndGlobalSection
	GlobalSection(ProjectConfigurationPlatforms) = postSolution
		{1717FD91-8086-49B7-B71C-4954DBE9D595}.Debug|x64.ActiveCfg = Debug|x64
		{1717FD91-8086-49B7-B71C-4954DBE9D595}.Debug|x64.Build.0 = Debug|x64
		{1717FD91-8086-49B7-B71C-4954DBE9D595}.Debug|x86.ActiveCfg = Debug|Win32
		{1717FD91-8086-49B7-B71C-4954DBE9D595}.Debug|x86.Build.0 = Debug|Win32
		{1717FD91-8086-49B7-B71C-4954DBE9D595}.Release|x64.ActiveCfg = Release|x64
		{1717FD91-8086-49B7-B71C-4954DBE9D595}.Release|x64.Build.0 = Release|x64
		{1717FD91-8086-49B7-B71C-4954DBE9D595}.Release|x86.ActiveCfg = Release|Win32
		{1717FD91-8086-49B7-B71C-4954DBE9D595}.Release|x86.Build.0 = Release|Win32
		{D39300B0-B6E8-4919-ADA8-6775DC69E979}.Debug|x64.ActiveCfg = Debug|x64
		{D39300B0-B6E8-4919-ADA8-6775DC69E979}.Debug|x64.Build.0 = Debug|x64
		{D39300B0-B6E8-4919-ADA8-6775DC69E979}.Debug|x86.ActiveCfg = Debug|Win32
		{D39300B0-B6E8-4919-ADA8-6775DC69E979}.Debug|x86.Build.0 = Debug|Win32
		{D39300B0-B6E8-4919-ADA8-6775DC69E979}.Release|x64.ActiveCfg = Release|x64
		{D39300B0-B6E8-4919-ADA8-6775DC69E979}.Release|x64.Build.0 = Release|x64
		{D39300B0-B6E8-4919-ADA8-6775DC69E979}.Release|x86.ActiveCfg = Release|Win32
		{D39300B0-B6E8-4919-ADA8-6775DC69E979}.Release|x86.Build.0 = Release|Win32
	EndGlobalSection
	GlobalSection(SolutionProperties) = preSolution
		HideSolutionNode = FALSE
	EndGlobalSection
	GlobalSection(ExtensibilityGlobals) = postSolution
		SolutionGuid = {0302ABA8-B1EB-42CB-860B-61AE283526D9}
	EndGlobalSection
EndGlobal
