
Microsoft Visual Studio Solution File, Format Version 12.00
# Visual Studio 15
VisualStudioVersion = 15.0.28307.136
MinimumVisualStudioVersion = 10.0.40219.1
Project("{8BC9CEB8-8B4A-11D0-8D11-00A0C91BC942}") = "Engine", "Engine\Engine.vcxproj", "{395D3A3D-71FD-4DF9-8BA8-AA4AAC8EB3A7}"
EndProject
Project("{8BC9CEB8-8B4A-11D0-8D11-00A0C91BC942}") = "EXE", "EXE\EXE.vcxproj", "{226A0032-D24F-480D-9E06-35C15021A85F}"
	ProjectSection(ProjectDependencies) = postProject
		{395D3A3D-71FD-4DF9-8BA8-AA4AAC8EB3A7} = {395D3A3D-71FD-4DF9-8BA8-AA4AAC8EB3A7}
	EndProjectSection
EndProject
Global
	GlobalSection(SolutionConfigurationPlatforms) = preSolution
		Debug|x64 = Debug|x64
		Debug|x86 = Debug|x86
		Release|x64 = Release|x64
		Release|x86 = Release|x86
	EndGlobalSection
	GlobalSection(ProjectConfigurationPlatforms) = postSolution
		{395D3A3D-71FD-4DF9-8BA8-AA4AAC8EB3A7}.Debug|x64.ActiveCfg = Debug|x64
		{395D3A3D-71FD-4DF9-8BA8-AA4AAC8EB3A7}.Debug|x64.Build.0 = Debug|x64
		{395D3A3D-71FD-4DF9-8BA8-AA4AAC8EB3A7}.Debug|x86.ActiveCfg = Debug|Win32
		{395D3A3D-71FD-4DF9-8BA8-AA4AAC8EB3A7}.Debug|x86.Build.0 = Debug|Win32
		{395D3A3D-71FD-4DF9-8BA8-AA4AAC8EB3A7}.Release|x64.ActiveCfg = Release|x64
		{395D3A3D-71FD-4DF9-8BA8-AA4AAC8EB3A7}.Release|x64.Build.0 = Release|x64
		{395D3A3D-71FD-4DF9-8BA8-AA4AAC8EB3A7}.Release|x86.ActiveCfg = Release|Win32
		{395D3A3D-71FD-4DF9-8BA8-AA4AAC8EB3A7}.Release|x86.Build.0 = Release|Win32
		{226A0032-D24F-480D-9E06-35C15021A85F}.Debug|x64.ActiveCfg = Debug|x64
		{226A0032-D24F-480D-9E06-35C15021A85F}.Debug|x64.Build.0 = Debug|x64
		{226A0032-D24F-480D-9E06-35C15021A85F}.Debug|x86.ActiveCfg = Debug|Win32
		{226A0032-D24F-480D-9E06-35C15021A85F}.Debug|x86.Build.0 = Debug|Win32
		{226A0032-D24F-480D-9E06-35C15021A85F}.Release|x64.ActiveCfg = Release|x64
		{226A0032-D24F-480D-9E06-35C15021A85F}.Release|x64.Build.0 = Release|x64
		{226A0032-D24F-480D-9E06-35C15021A85F}.Release|x86.ActiveCfg = Release|Win32
		{226A0032-D24F-480D-9E06-35C15021A85F}.Release|x86.Build.0 = Release|Win32
	EndGlobalSection
	GlobalSection(SolutionProperties) = preSolution
		HideSolutionNode = FALSE
	EndGlobalSection
	GlobalSection(ExtensibilityGlobals) = postSolution
		SolutionGuid = {0302ABA8-B1EB-42CB-860B-61AE283526D9}
	EndGlobalSection
EndGlobal
